// !$*UTF8*$!
{
	archiveVersion = 1;
	classes = {
	};
	objectVersion = 56;
	objects = {

/* Begin PBXBuildFile section */
		1A39F3102C9C228D00E5B5F2 /* CollectionViewTableViewCell.swift in Sources */ = {isa = PBXBuildFile; fileRef = 1A39F30F2C9C228D00E5B5F2 /* CollectionViewTableViewCell.swift */; };
		1A5C198A2C9A87400053CD41 /* AppDelegate.swift in Sources */ = {isa = PBXBuildFile; fileRef = 1A5C19892C9A87400053CD41 /* AppDelegate.swift */; };
		1A5C198C2C9A87400053CD41 /* SceneDelegate.swift in Sources */ = {isa = PBXBuildFile; fileRef = 1A5C198B2C9A87400053CD41 /* SceneDelegate.swift */; };
		1A5C198E2C9A87400053CD41 /* MainTabBarViewController.swift in Sources */ = {isa = PBXBuildFile; fileRef = 1A5C198D2C9A87400053CD41 /* MainTabBarViewController.swift */; };
		1A5C19942C9A87400053CD41 /* Netflix_Clone.xcdatamodeld in Sources */ = {isa = PBXBuildFile; fileRef = 1A5C19922C9A87400053CD41 /* Netflix_Clone.xcdatamodeld */; };
		1A5C19962C9A87410053CD41 /* Assets.xcassets in Resources */ = {isa = PBXBuildFile; fileRef = 1A5C19952C9A87410053CD41 /* Assets.xcassets */; };
		1A5C19992C9A87410053CD41 /* Base in Resources */ = {isa = PBXBuildFile; fileRef = 1A5C19982C9A87410053CD41 /* Base */; };
		1AAAE3F62C9EE12200B36414 /* APICaller.swift in Sources */ = {isa = PBXBuildFile; fileRef = 1AAAE3F52C9EE11800B36414 /* APICaller.swift */; };
		1AAAE3F82C9F428700B36414 /* Movie.swift in Sources */ = {isa = PBXBuildFile; fileRef = 1AAAE3F72C9F428100B36414 /* Movie.swift */; };
		1AAAE3FA2C9F4A8900B36414 /* Extentions.swift in Sources */ = {isa = PBXBuildFile; fileRef = 1AAAE3F92C9F4A8200B36414 /* Extentions.swift */; };
		1ACF599F2C9B63B1004E6AB3 /* HomeViewController.swift in Sources */ = {isa = PBXBuildFile; fileRef = 1ACF599E2C9B63B1004E6AB3 /* HomeViewController.swift */; };
		1ACF59A12C9B63EE004E6AB3 /* UpcomingViewController.swift in Sources */ = {isa = PBXBuildFile; fileRef = 1ACF59A02C9B63EE004E6AB3 /* UpcomingViewController.swift */; };
		1ACF59A32C9B643F004E6AB3 /* SearchViewController.swift in Sources */ = {isa = PBXBuildFile; fileRef = 1ACF59A22C9B643F004E6AB3 /* SearchViewController.swift */; };
		1ACF59A52C9B646B004E6AB3 /* DownloadsViewController.swift in Sources */ = {isa = PBXBuildFile; fileRef = 1ACF59A42C9B646B004E6AB3 /* DownloadsViewController.swift */; };
		1ADD4D072C9FCD1A00AAF9DF /* TV.swift in Sources */ = {isa = PBXBuildFile; fileRef = 1ADD4D062C9FCD1600AAF9DF /* TV.swift */; };
		1AFF2C532C9DCAB1006D6E16 /* HeroHeaderUIView.swift in Sources */ = {isa = PBXBuildFile; fileRef = 1AFF2C522C9DCAB1006D6E16 /* HeroHeaderUIView.swift */; };
/* End PBXBuildFile section */

/* Begin PBXFileReference section */
		1A39F30F2C9C228D00E5B5F2 /* CollectionViewTableViewCell.swift */ = {isa = PBXFileReference; lastKnownFileType = sourcecode.swift; path = CollectionViewTableViewCell.swift; sourceTree = "<group>"; };
		1A5C19862C9A87400053CD41 /* Netflix Clone.app */ = {isa = PBXFileReference; explicitFileType = wrapper.application; includeInIndex = 0; path = "Netflix Clone.app"; sourceTree = BUILT_PRODUCTS_DIR; };
		1A5C19892C9A87400053CD41 /* AppDelegate.swift */ = {isa = PBXFileReference; lastKnownFileType = sourcecode.swift; path = AppDelegate.swift; sourceTree = "<group>"; };
		1A5C198B2C9A87400053CD41 /* SceneDelegate.swift */ = {isa = PBXFileReference; lastKnownFileType = sourcecode.swift; path = SceneDelegate.swift; sourceTree = "<group>"; };
		1A5C198D2C9A87400053CD41 /* MainTabBarViewController.swift */ = {isa = PBXFileReference; lastKnownFileType = sourcecode.swift; path = MainTabBarViewController.swift; sourceTree = "<group>"; };
		1A5C19932C9A87400053CD41 /* Netflix_Clone.xcdatamodel */ = {isa = PBXFileReference; lastKnownFileType = wrapper.xcdatamodel; path = Netflix_Clone.xcdatamodel; sourceTree = "<group>"; };
		1A5C19952C9A87410053CD41 /* Assets.xcassets */ = {isa = PBXFileReference; lastKnownFileType = folder.assetcatalog; path = Assets.xcassets; sourceTree = "<group>"; };
		1A5C19982C9A87410053CD41 /* Base */ = {isa = PBXFileReference; lastKnownFileType = file.storyboard; name = Base; path = Base.lproj/LaunchScreen.storyboard; sourceTree = "<group>"; };
		1A5C199A2C9A87410053CD41 /* Info.plist */ = {isa = PBXFileReference; lastKnownFileType = text.plist.xml; path = Info.plist; sourceTree = "<group>"; };
		1AAAE3F52C9EE11800B36414 /* APICaller.swift */ = {isa = PBXFileReference; lastKnownFileType = sourcecode.swift; path = APICaller.swift; sourceTree = "<group>"; };
		1AAAE3F72C9F428100B36414 /* Movie.swift */ = {isa = PBXFileReference; lastKnownFileType = sourcecode.swift; path = Movie.swift; sourceTree = "<group>"; };
		1AAAE3F92C9F4A8200B36414 /* Extentions.swift */ = {isa = PBXFileReference; lastKnownFileType = sourcecode.swift; path = Extentions.swift; sourceTree = "<group>"; };
		1ACF599E2C9B63B1004E6AB3 /* HomeViewController.swift */ = {isa = PBXFileReference; lastKnownFileType = sourcecode.swift; path = HomeViewController.swift; sourceTree = "<group>"; };
		1ACF59A02C9B63EE004E6AB3 /* UpcomingViewController.swift */ = {isa = PBXFileReference; lastKnownFileType = sourcecode.swift; path = UpcomingViewController.swift; sourceTree = "<group>"; };
		1ACF59A22C9B643F004E6AB3 /* SearchViewController.swift */ = {isa = PBXFileReference; lastKnownFileType = sourcecode.swift; path = SearchViewController.swift; sourceTree = "<group>"; };
		1ACF59A42C9B646B004E6AB3 /* DownloadsViewController.swift */ = {isa = PBXFileReference; lastKnownFileType = sourcecode.swift; path = DownloadsViewController.swift; sourceTree = "<group>"; };
		1ADD4D062C9FCD1600AAF9DF /* TV.swift */ = {isa = PBXFileReference; lastKnownFileType = sourcecode.swift; path = TV.swift; sourceTree = "<group>"; };
		1AFF2C522C9DCAB1006D6E16 /* HeroHeaderUIView.swift */ = {isa = PBXFileReference; lastKnownFileType = sourcecode.swift; path = HeroHeaderUIView.swift; sourceTree = "<group>"; };
/* End PBXFileReference section */

/* Begin PBXFrameworksBuildPhase section */
		1A5C19832C9A87400053CD41 /* Frameworks */ = {
			isa = PBXFrameworksBuildPhase;
			buildActionMask = 2147483647;
			files = (
			);
			runOnlyForDeploymentPostprocessing = 0;
		};
/* End PBXFrameworksBuildPhase section */

/* Begin PBXGroup section */
		1A39F30A2C9C21A600E5B5F2 /* Views */ = {
			isa = PBXGroup;
			children = (
				1A39F30F2C9C228D00E5B5F2 /* CollectionViewTableViewCell.swift */,
				1AFF2C522C9DCAB1006D6E16 /* HeroHeaderUIView.swift */,
			);
			path = Views;
			sourceTree = "<group>";
		};
		1A39F30B2C9C21AB00E5B5F2 /* ViewModels */ = {
			isa = PBXGroup;
			children = (
			);
			path = ViewModels;
			sourceTree = "<group>";
		};
		1A39F30C2C9C21C000E5B5F2 /* Models */ = {
			isa = PBXGroup;
			children = (
				1AAAE3F72C9F428100B36414 /* Movie.swift */,
				1ADD4D062C9FCD1600AAF9DF /* TV.swift */,
			);
			path = Models;
			sourceTree = "<group>";
		};
		1A39F30D2C9C21FC00E5B5F2 /* Resources */ = {
			isa = PBXGroup;
			children = (
				1AAAE3F92C9F4A8200B36414 /* Extentions.swift */,
			);
			path = Resources;
			sourceTree = "<group>";
		};
		1A39F30E2C9C220300E5B5F2 /* Managers */ = {
			isa = PBXGroup;
			children = (
				1AAAE3F52C9EE11800B36414 /* APICaller.swift */,
			);
			path = Managers;
			sourceTree = "<group>";
		};
		1A5C197D2C9A87400053CD41 = {
			isa = PBXGroup;
			children = (
				1A5C19882C9A87400053CD41 /* Netflix Clone */,
				1A5C19872C9A87400053CD41 /* Products */,
			);
			sourceTree = "<group>";
		};
		1A5C19872C9A87400053CD41 /* Products */ = {
			isa = PBXGroup;
			children = (
				1A5C19862C9A87400053CD41 /* Netflix Clone.app */,
			);
			name = Products;
			sourceTree = "<group>";
		};
		1A5C19882C9A87400053CD41 /* Netflix Clone */ = {
			isa = PBXGroup;
			children = (
				1A39F30E2C9C220300E5B5F2 /* Managers */,
				1A39F30D2C9C21FC00E5B5F2 /* Resources */,
				1A39F30C2C9C21C000E5B5F2 /* Models */,
				1A39F30A2C9C21A600E5B5F2 /* Views */,
				1A39F30B2C9C21AB00E5B5F2 /* ViewModels */,
				1ACF599D2C9B636C004E6AB3 /* Controllers */,
				1A5C19892C9A87400053CD41 /* AppDelegate.swift */,
				1A5C198B2C9A87400053CD41 /* SceneDelegate.swift */,
				1A5C198D2C9A87400053CD41 /* MainTabBarViewController.swift */,
				1A5C19952C9A87410053CD41 /* Assets.xcassets */,
				1A5C19972C9A87410053CD41 /* LaunchScreen.storyboard */,
				1A5C199A2C9A87410053CD41 /* Info.plist */,
				1A5C19922C9A87400053CD41 /* Netflix_Clone.xcdatamodeld */,
			);
			path = "Netflix Clone";
			sourceTree = "<group>";
		};
		1ACF599D2C9B636C004E6AB3 /* Controllers */ = {
			isa = PBXGroup;
			children = (
				1ACF599E2C9B63B1004E6AB3 /* HomeViewController.swift */,
				1ACF59A02C9B63EE004E6AB3 /* UpcomingViewController.swift */,
				1ACF59A22C9B643F004E6AB3 /* SearchViewController.swift */,
				1ACF59A42C9B646B004E6AB3 /* DownloadsViewController.swift */,
			);
			path = Controllers;
			sourceTree = "<group>";
		};
/* End PBXGroup section */

/* Begin PBXNativeTarget section */
		1A5C19852C9A87400053CD41 /* Netflix Clone */ = {
			isa = PBXNativeTarget;
			buildConfigurationList = 1A5C199D2C9A87410053CD41 /* Build configuration list for PBXNativeTarget "Netflix Clone" */;
			buildPhases = (
				1A5C19822C9A87400053CD41 /* Sources */,
				1A5C19832C9A87400053CD41 /* Frameworks */,
				1A5C19842C9A87400053CD41 /* Resources */,
			);
			buildRules = (
			);
			dependencies = (
			);
			name = "Netflix Clone";
			productName = "Netflix Clone";
			productReference = 1A5C19862C9A87400053CD41 /* Netflix Clone.app */;
			productType = "com.apple.product-type.application";
		};
/* End PBXNativeTarget section */

/* Begin PBXProject section */
		1A5C197E2C9A87400053CD41 /* Project object */ = {
			isa = PBXProject;
			attributes = {
				BuildIndependentTargetsInParallel = 1;
				LastSwiftUpdateCheck = 1540;
				LastUpgradeCheck = 1540;
				TargetAttributes = {
					1A5C19852C9A87400053CD41 = {
						CreatedOnToolsVersion = 15.4;
					};
				};
			};
			buildConfigurationList = 1A5C19812C9A87400053CD41 /* Build configuration list for PBXProject "Netflix Clone" */;
			compatibilityVersion = "Xcode 14.0";
			developmentRegion = en;
			hasScannedForEncodings = 0;
			knownRegions = (
				en,
				Base,
			);
			mainGroup = 1A5C197D2C9A87400053CD41;
			productRefGroup = 1A5C19872C9A87400053CD41 /* Products */;
			projectDirPath = "";
			projectRoot = "";
			targets = (
				1A5C19852C9A87400053CD41 /* Netflix Clone */,
			);
		};
/* End PBXProject section */

/* Begin PBXResourcesBuildPhase section */
		1A5C19842C9A87400053CD41 /* Resources */ = {
			isa = PBXResourcesBuildPhase;
			buildActionMask = 2147483647;
			files = (
				1A5C19962C9A87410053CD41 /* Assets.xcassets in Resources */,
				1A5C19992C9A87410053CD41 /* Base in Resources */,
			);
			runOnlyForDeploymentPostprocessing = 0;
		};
/* End PBXResourcesBuildPhase section */

/* Begin PBXSourcesBuildPhase section */
		1A5C19822C9A87400053CD41 /* Sources */ = {
			isa = PBXSourcesBuildPhase;
			buildActionMask = 2147483647;
			files = (
				1ACF59A12C9B63EE004E6AB3 /* UpcomingViewController.swift in Sources */,
				1AFF2C532C9DCAB1006D6E16 /* HeroHeaderUIView.swift in Sources */,
				1AAAE3F82C9F428700B36414 /* Movie.swift in Sources */,
				1ADD4D072C9FCD1A00AAF9DF /* TV.swift in Sources */,
				1ACF59A32C9B643F004E6AB3 /* SearchViewController.swift in Sources */,
				1ACF59A52C9B646B004E6AB3 /* DownloadsViewController.swift in Sources */,
				1ACF599F2C9B63B1004E6AB3 /* HomeViewController.swift in Sources */,
				1A5C19942C9A87400053CD41 /* Netflix_Clone.xcdatamodeld in Sources */,
				1A39F3102C9C228D00E5B5F2 /* CollectionViewTableViewCell.swift in Sources */,
				1AAAE3FA2C9F4A8900B36414 /* Extentions.swift in Sources */,
				1A5C198E2C9A87400053CD41 /* MainTabBarViewController.swift in Sources */,
				1AAAE3F62C9EE12200B36414 /* APICaller.swift in Sources */,
				1A5C198A2C9A87400053CD41 /* AppDelegate.swift in Sources */,
				1A5C198C2C9A87400053CD41 /* SceneDelegate.swift in Sources */,
			);
			runOnlyForDeploymentPostprocessing = 0;
		};
/* End PBXSourcesBuildPhase section */

/* Begin PBXVariantGroup section */
		1A5C19972C9A87410053CD41 /* LaunchScreen.storyboard */ = {
			isa = PBXVariantGroup;
			children = (
				1A5C19982C9A87410053CD41 /* Base */,
			);
			name = LaunchScreen.storyboard;
			sourceTree = "<group>";
		};
/* End PBXVariantGroup section */

/* Begin XCBuildConfiguration section */
		1A5C199B2C9A87410053CD41 /* Debug */ = {
			isa = XCBuildConfiguration;
			buildSettings = {
				ALWAYS_SEARCH_USER_PATHS = NO;
				ASSETCATALOG_COMPILER_GENERATE_SWIFT_ASSET_SYMBOL_EXTENSIONS = YES;
				CLANG_ANALYZER_NONNULL = YES;
				CLANG_ANALYZER_NUMBER_OBJECT_CONVERSION = YES_AGGRESSIVE;
				CLANG_CXX_LANGUAGE_STANDARD = "gnu++20";
				CLANG_ENABLE_MODULES = YES;
				CLANG_ENABLE_OBJC_ARC = YES;
				CLANG_ENABLE_OBJC_WEAK = YES;
				CLANG_WARN_BLOCK_CAPTURE_AUTORELEASING = YES;
				CLANG_WARN_BOOL_CONVERSION = YES;
				CLANG_WARN_COMMA = YES;
				CLANG_WARN_CONSTANT_CONVERSION = YES;
				CLANG_WARN_DEPRECATED_OBJC_IMPLEMENTATIONS = YES;
				CLANG_WARN_DIRECT_OBJC_ISA_USAGE = YES_ERROR;
				CLANG_WARN_DOCUMENTATION_COMMENTS = YES;
				CLANG_WARN_EMPTY_BODY = YES;
				CLANG_WARN_ENUM_CONVERSION = YES;
				CLANG_WARN_INFINITE_RECURSION = YES;
				CLANG_WARN_INT_CONVERSION = YES;
				CLANG_WARN_NON_LITERAL_NULL_CONVERSION = YES;
				CLANG_WARN_OBJC_IMPLICIT_RETAIN_SELF = YES;
				CLANG_WARN_OBJC_LITERAL_CONVERSION = YES;
				CLANG_WARN_OBJC_ROOT_CLASS = YES_ERROR;
				CLANG_WARN_QUOTED_INCLUDE_IN_FRAMEWORK_HEADER = YES;
				CLANG_WARN_RANGE_LOOP_ANALYSIS = YES;
				CLANG_WARN_STRICT_PROTOTYPES = YES;
				CLANG_WARN_SUSPICIOUS_MOVE = YES;
				CLANG_WARN_UNGUARDED_AVAILABILITY = YES_AGGRESSIVE;
				CLANG_WARN_UNREACHABLE_CODE = YES;
				CLANG_WARN__DUPLICATE_METHOD_MATCH = YES;
				COPY_PHASE_STRIP = NO;
				DEBUG_INFORMATION_FORMAT = dwarf;
				ENABLE_STRICT_OBJC_MSGSEND = YES;
				ENABLE_TESTABILITY = YES;
				ENABLE_USER_SCRIPT_SANDBOXING = YES;
				GCC_C_LANGUAGE_STANDARD = gnu17;
				GCC_DYNAMIC_NO_PIC = NO;
				GCC_NO_COMMON_BLOCKS = YES;
				GCC_OPTIMIZATION_LEVEL = 0;
				GCC_PREPROCESSOR_DEFINITIONS = (
					"DEBUG=1",
					"$(inherited)",
				);
				GCC_WARN_64_TO_32_BIT_CONVERSION = YES;
				GCC_WARN_ABOUT_RETURN_TYPE = YES_ERROR;
				GCC_WARN_UNDECLARED_SELECTOR = YES;
				GCC_WARN_UNINITIALIZED_AUTOS = YES_AGGRESSIVE;
				GCC_WARN_UNUSED_FUNCTION = YES;
				GCC_WARN_UNUSED_VARIABLE = YES;
				IPHONEOS_DEPLOYMENT_TARGET = 17.5;
				LOCALIZATION_PREFERS_STRING_CATALOGS = YES;
				MTL_ENABLE_DEBUG_INFO = INCLUDE_SOURCE;
				MTL_FAST_MATH = YES;
				ONLY_ACTIVE_ARCH = YES;
				SDKROOT = iphoneos;
				SWIFT_ACTIVE_COMPILATION_CONDITIONS = "DEBUG $(inherited)";
				SWIFT_OPTIMIZATION_LEVEL = "-Onone";
			};
			name = Debug;
		};
		1A5C199C2C9A87410053CD41 /* Release */ = {
			isa = XCBuildConfiguration;
			buildSettings = {
				ALWAYS_SEARCH_USER_PATHS = NO;
				ASSETCATALOG_COMPILER_GENERATE_SWIFT_ASSET_SYMBOL_EXTENSIONS = YES;
				CLANG_ANALYZER_NONNULL = YES;
				CLANG_ANALYZER_NUMBER_OBJECT_CONVERSION = YES_AGGRESSIVE;
				CLANG_CXX_LANGUAGE_STANDARD = "gnu++20";
				CLANG_ENABLE_MODULES = YES;
				CLANG_ENABLE_OBJC_ARC = YES;
				CLANG_ENABLE_OBJC_WEAK = YES;
				CLANG_WARN_BLOCK_CAPTURE_AUTORELEASING = YES;
				CLANG_WARN_BOOL_CONVERSION = YES;
				CLANG_WARN_COMMA = YES;
				CLANG_WARN_CONSTANT_CONVERSION = YES;
				CLANG_WARN_DEPRECATED_OBJC_IMPLEMENTATIONS = YES;
				CLANG_WARN_DIRECT_OBJC_ISA_USAGE = YES_ERROR;
				CLANG_WARN_DOCUMENTATION_COMMENTS = YES;
				CLANG_WARN_EMPTY_BODY = YES;
				CLANG_WARN_ENUM_CONVERSION = YES;
				CLANG_WARN_INFINITE_RECURSION = YES;
				CLANG_WARN_INT_CONVERSION = YES;
				CLANG_WARN_NON_LITERAL_NULL_CONVERSION = YES;
				CLANG_WARN_OBJC_IMPLICIT_RETAIN_SELF = YES;
				CLANG_WARN_OBJC_LITERAL_CONVERSION = YES;
				CLANG_WARN_OBJC_ROOT_CLASS = YES_ERROR;
				CLANG_WARN_QUOTED_INCLUDE_IN_FRAMEWORK_HEADER = YES;
				CLANG_WARN_RANGE_LOOP_ANALYSIS = YES;
				CLANG_WARN_STRICT_PROTOTYPES = YES;
				CLANG_WARN_SUSPICIOUS_MOVE = YES;
				CLANG_WARN_UNGUARDED_AVAILABILITY = YES_AGGRESSIVE;
				CLANG_WARN_UNREACHABLE_CODE = YES;
				CLANG_WARN__DUPLICATE_METHOD_MATCH = YES;
				COPY_PHASE_STRIP = NO;
				DEBUG_INFORMATION_FORMAT = "dwarf-with-dsym";
				ENABLE_NS_ASSERTIONS = NO;
				ENABLE_STRICT_OBJC_MSGSEND = YES;
				ENABLE_USER_SCRIPT_SANDBOXING = YES;
				GCC_C_LANGUAGE_STANDARD = gnu17;
				GCC_NO_COMMON_BLOCKS = YES;
				GCC_WARN_64_TO_32_BIT_CONVERSION = YES;
				GCC_WARN_ABOUT_RETURN_TYPE = YES_ERROR;
				GCC_WARN_UNDECLARED_SELECTOR = YES;
				GCC_WARN_UNINITIALIZED_AUTOS = YES_AGGRESSIVE;
				GCC_WARN_UNUSED_FUNCTION = YES;
				GCC_WARN_UNUSED_VARIABLE = YES;
				IPHONEOS_DEPLOYMENT_TARGET = 17.5;
				LOCALIZATION_PREFERS_STRING_CATALOGS = YES;
				MTL_ENABLE_DEBUG_INFO = NO;
				MTL_FAST_MATH = YES;
				SDKROOT = iphoneos;
				SWIFT_COMPILATION_MODE = wholemodule;
				VALIDATE_PRODUCT = YES;
			};
			name = Release;
		};
		1A5C199E2C9A87410053CD41 /* Debug */ = {
			isa = XCBuildConfiguration;
			buildSettings = {
				ASSETCATALOG_COMPILER_APPICON_NAME = AppIcon;
				ASSETCATALOG_COMPILER_GLOBAL_ACCENT_COLOR_NAME = AccentColor;
				CODE_SIGN_STYLE = Automatic;
				CURRENT_PROJECT_VERSION = 1;
				DEVELOPMENT_TEAM = Q73FTA466A;
				GENERATE_INFOPLIST_FILE = YES;
				INFOPLIST_FILE = "Netflix Clone/Info.plist";
				INFOPLIST_KEY_UIApplicationSupportsIndirectInputEvents = YES;
				INFOPLIST_KEY_UILaunchStoryboardName = LaunchScreen;
				INFOPLIST_KEY_UISupportedInterfaceOrientations_iPad = "UIInterfaceOrientationPortrait UIInterfaceOrientationPortraitUpsideDown UIInterfaceOrientationLandscapeLeft UIInterfaceOrientationLandscapeRight";
				INFOPLIST_KEY_UISupportedInterfaceOrientations_iPhone = "UIInterfaceOrientationPortrait UIInterfaceOrientationLandscapeLeft UIInterfaceOrientationLandscapeRight";
				LD_RUNPATH_SEARCH_PATHS = (
					"$(inherited)",
					"@executable_path/Frameworks",
				);
				MARKETING_VERSION = 1.0;
				PRODUCT_BUNDLE_IDENTIFIER = "com.versdev.Netflix-Clone";
				PRODUCT_NAME = "$(TARGET_NAME)";
				SWIFT_EMIT_LOC_STRINGS = YES;
				SWIFT_VERSION = 5.0;
				TARGETED_DEVICE_FAMILY = "1,2";
			};
			name = Debug;
		};
		1A5C199F2C9A87410053CD41 /* Release */ = {
			isa = XCBuildConfiguration;
			buildSettings = {
				ASSETCATALOG_COMPILER_APPICON_NAME = AppIcon;
				ASSETCATALOG_COMPILER_GLOBAL_ACCENT_COLOR_NAME = AccentColor;
				CODE_SIGN_STYLE = Automatic;
				CURRENT_PROJECT_VERSION = 1;
				DEVELOPMENT_TEAM = Q73FTA466A;
				GENERATE_INFOPLIST_FILE = YES;
				INFOPLIST_FILE = "Netflix Clone/Info.plist";
				INFOPLIST_KEY_UIApplicationSupportsIndirectInputEvents = YES;
				INFOPLIST_KEY_UILaunchStoryboardName = LaunchScreen;
				INFOPLIST_KEY_UISupportedInterfaceOrientations_iPad = "UIInterfaceOrientationPortrait UIInterfaceOrientationPortraitUpsideDown UIInterfaceOrientationLandscapeLeft UIInterfaceOrientationLandscapeRight";
				INFOPLIST_KEY_UISupportedInterfaceOrientations_iPhone = "UIInterfaceOrientationPortrait UIInterfaceOrientationLandscapeLeft UIInterfaceOrientationLandscapeRight";
				LD_RUNPATH_SEARCH_PATHS = (
					"$(inherited)",
					"@executable_path/Frameworks",
				);
				MARKETING_VERSION = 1.0;
				PRODUCT_BUNDLE_IDENTIFIER = "com.versdev.Netflix-Clone";
				PRODUCT_NAME = "$(TARGET_NAME)";
				SWIFT_EMIT_LOC_STRINGS = YES;
				SWIFT_VERSION = 5.0;
				TARGETED_DEVICE_FAMILY = "1,2";
			};
			name = Release;
		};
/* End XCBuildConfiguration section */

/* Begin XCConfigurationList section */
		1A5C19812C9A87400053CD41 /* Build configuration list for PBXProject "Netflix Clone" */ = {
			isa = XCConfigurationList;
			buildConfigurations = (
				1A5C199B2C9A87410053CD41 /* Debug */,
				1A5C199C2C9A87410053CD41 /* Release */,
			);
			defaultConfigurationIsVisible = 0;
			defaultConfigurationName = Release;
		};
		1A5C199D2C9A87410053CD41 /* Build configuration list for PBXNativeTarget "Netflix Clone" */ = {
			isa = XCConfigurationList;
			buildConfigurations = (
				1A5C199E2C9A87410053CD41 /* Debug */,
				1A5C199F2C9A87410053CD41 /* Release */,
			);
			defaultConfigurationIsVisible = 0;
			defaultConfigurationName = Release;
		};
/* End XCConfigurationList section */

/* Begin XCVersionGroup section */
		1A5C19922C9A87400053CD41 /* Netflix_Clone.xcdatamodeld */ = {
			isa = XCVersionGroup;
			children = (
				1A5C19932C9A87400053CD41 /* Netflix_Clone.xcdatamodel */,
			);
			currentVersion = 1A5C19932C9A87400053CD41 /* Netflix_Clone.xcdatamodel */;
			path = Netflix_Clone.xcdatamodeld;
			sourceTree = "<group>";
			versionGroupType = wrapper.xcdatamodel;
		};
/* End XCVersionGroup section */
	};
	rootObject = 1A5C197E2C9A87400053CD41 /* Project object */;
}
